// !$*UTF8*$!
{
	archiveVersion = 1;
	classes = {
	};
	objectVersion = 50;
	objects = {

/* Begin PBXBuildFile section */
		343C2EF52088CA1200B83722 /* main.swift in Sources */ = {isa = PBXBuildFile; fileRef = 343C2EF42088CA1200B83722 /* main.swift */; };
		F41741D6208E6313005E2592 /* player.swift in Sources */ = {isa = PBXBuildFile; fileRef = F41741D5208E6313005E2592 /* player.swift */; };
		F41741D8208E63B2005E2592 /* plate.swift in Sources */ = {isa = PBXBuildFile; fileRef = F41741D7208E63B2005E2592 /* plate.swift */; };
		F41741DA208E63ED005E2592 /* game.swift in Sources */ = {isa = PBXBuildFile; fileRef = F41741D9208E63ED005E2592 /* game.swift */; };
		F41741DC208E642A005E2592 /* personnage.swift in Sources */ = {isa = PBXBuildFile; fileRef = F41741DB208E642A005E2592 /* personnage.swift */; };
		F41741DE208E6450005E2592 /* fighter.swift in Sources */ = {isa = PBXBuildFile; fileRef = F41741DD208E6450005E2592 /* fighter.swift */; };
		F41741E0208E6470005E2592 /* magus.swift in Sources */ = {isa = PBXBuildFile; fileRef = F41741DF208E6470005E2592 /* magus.swift */; };
		F41741E2208E648D005E2592 /* colossus.swift in Sources */ = {isa = PBXBuildFile; fileRef = F41741E1208E648D005E2592 /* colossus.swift */; };
		F41741E4208E64AA005E2592 /* dwarf.swift in Sources */ = {isa = PBXBuildFile; fileRef = F41741E3208E64AA005E2592 /* dwarf.swift */; };
		F41741E6208E64DA005E2592 /* randomKill.swift in Sources */ = {isa = PBXBuildFile; fileRef = F41741E5208E64DA005E2592 /* randomKill.swift */; };
		F41741E8208E64FE005E2592 /* chest.swift in Sources */ = {isa = PBXBuildFile; fileRef = F41741E7208E64FE005E2592 /* chest.swift */; };
		F41741EA208E6F40005E2592 /* classe.swift in Sources */ = {isa = PBXBuildFile; fileRef = F41741E9208E6F40005E2592 /* classe.swift */; };
/* End PBXBuildFile section */

/* Begin PBXCopyFilesBuildPhase section */
		343C2EEF2088CA1200B83722 /* CopyFiles */ = {
			isa = PBXCopyFilesBuildPhase;
			buildActionMask = 2147483647;
			dstPath = /usr/share/man/man1/;
			dstSubfolderSpec = 0;
			files = (
			);
			runOnlyForDeploymentPostprocessing = 1;
		};
/* End PBXCopyFilesBuildPhase section */

/* Begin PBXFileReference section */
		343C2EF12088CA1200B83722 /* magicfight */ = {isa = PBXFileReference; explicitFileType = "compiled.mach-o.executable"; includeInIndex = 0; path = magicfight; sourceTree = BUILT_PRODUCTS_DIR; };
		343C2EF42088CA1200B83722 /* main.swift */ = {isa = PBXFileReference; lastKnownFileType = sourcecode.swift; path = main.swift; sourceTree = "<group>"; };
		F41741D5208E6313005E2592 /* player.swift */ = {isa = PBXFileReference; lastKnownFileType = sourcecode.swift; path = player.swift; sourceTree = "<group>"; };
		F41741D7208E63B2005E2592 /* plate.swift */ = {isa = PBXFileReference; lastKnownFileType = sourcecode.swift; path = plate.swift; sourceTree = "<group>"; };
		F41741D9208E63ED005E2592 /* game.swift */ = {isa = PBXFileReference; lastKnownFileType = sourcecode.swift; path = game.swift; sourceTree = "<group>"; };
		F41741DB208E642A005E2592 /* personnage.swift */ = {isa = PBXFileReference; lastKnownFileType = sourcecode.swift; path = personnage.swift; sourceTree = "<group>"; };
		F41741DD208E6450005E2592 /* fighter.swift */ = {isa = PBXFileReference; lastKnownFileType = sourcecode.swift; path = fighter.swift; sourceTree = "<group>"; };
		F41741DF208E6470005E2592 /* magus.swift */ = {isa = PBXFileReference; lastKnownFileType = sourcecode.swift; path = magus.swift; sourceTree = "<group>"; };
		F41741E1208E648D005E2592 /* colossus.swift */ = {isa = PBXFileReference; lastKnownFileType = sourcecode.swift; path = colossus.swift; sourceTree = "<group>"; };
		F41741E3208E64AA005E2592 /* dwarf.swift */ = {isa = PBXFileReference; lastKnownFileType = sourcecode.swift; path = dwarf.swift; sourceTree = "<group>"; };
		F41741E5208E64DA005E2592 /* randomKill.swift */ = {isa = PBXFileReference; lastKnownFileType = sourcecode.swift; path = randomKill.swift; sourceTree = "<group>"; };
		F41741E7208E64FE005E2592 /* chest.swift */ = {isa = PBXFileReference; lastKnownFileType = sourcecode.swift; path = chest.swift; sourceTree = "<group>"; };
		F41741E9208E6F40005E2592 /* classe.swift */ = {isa = PBXFileReference; lastKnownFileType = sourcecode.swift; path = classe.swift; sourceTree = "<group>"; };
/* End PBXFileReference section */

/* Begin PBXFrameworksBuildPhase section */
		343C2EEE2088CA1200B83722 /* Frameworks */ = {
			isa = PBXFrameworksBuildPhase;
			buildActionMask = 2147483647;
			files = (
			);
			runOnlyForDeploymentPostprocessing = 0;
		};
/* End PBXFrameworksBuildPhase section */

/* Begin PBXGroup section */
		343C2EE82088CA1200B83722 = {
			isa = PBXGroup;
			children = (
				343C2EF32088CA1200B83722 /* magicfight */,
				343C2EF22088CA1200B83722 /* Products */,
			);
			sourceTree = "<group>";
		};
		343C2EF22088CA1200B83722 /* Products */ = {
			isa = PBXGroup;
			children = (
				343C2EF12088CA1200B83722 /* magicfight */,
			);
			name = Products;
			sourceTree = "<group>";
		};
		343C2EF32088CA1200B83722 /* magicfight */ = {
			isa = PBXGroup;
			children = (
				343C2EF42088CA1200B83722 /* main.swift */,
				F41741E7208E64FE005E2592 /* chest.swift */,
				F41741E5208E64DA005E2592 /* randomKill.swift */,
				F41741E3208E64AA005E2592 /* dwarf.swift */,
				F41741E1208E648D005E2592 /* colossus.swift */,
				F41741DF208E6470005E2592 /* magus.swift */,
				F41741DD208E6450005E2592 /* fighter.swift */,
				F41741DB208E642A005E2592 /* personnage.swift */,
				F41741D9208E63ED005E2592 /* game.swift */,
				F41741E9208E6F40005E2592 /* classe.swift */,
				F41741D7208E63B2005E2592 /* plate.swift */,
				F41741D5208E6313005E2592 /* player.swift */,
			);
			path = magicfight;
			sourceTree = "<group>";
		};
/* End PBXGroup section */

/* Begin PBXNativeTarget section */
		343C2EF02088CA1200B83722 /* magicfight */ = {
			isa = PBXNativeTarget;
			buildConfigurationList = 343C2EF82088CA1200B83722 /* Build configuration list for PBXNativeTarget "magicfight" */;
			buildPhases = (
				343C2EED2088CA1200B83722 /* Sources */,
				343C2EEE2088CA1200B83722 /* Frameworks */,
				343C2EEF2088CA1200B83722 /* CopyFiles */,
			);
			buildRules = (
			);
			dependencies = (
			);
			name = magicfight;
			productName = magicfight;
			productReference = 343C2EF12088CA1200B83722 /* magicfight */;
			productType = "com.apple.product-type.tool";
		};
/* End PBXNativeTarget section */

/* Begin PBXProject section */
		343C2EE92088CA1200B83722 /* Project object */ = {
			isa = PBXProject;
			attributes = {
				LastSwiftUpdateCheck = 0930;
				LastUpgradeCheck = 0930;
				ORGANIZATIONNAME = Nasch;
				TargetAttributes = {
					343C2EF02088CA1200B83722 = {
						CreatedOnToolsVersion = 9.3;
					};
				};
			};
			buildConfigurationList = 343C2EEC2088CA1200B83722 /* Build configuration list for PBXProject "magicfight" */;
			compatibilityVersion = "Xcode 9.3";
			developmentRegion = en;
			hasScannedForEncodings = 0;
			knownRegions = (
				en,
			);
			mainGroup = 343C2EE82088CA1200B83722;
			productRefGroup = 343C2EF22088CA1200B83722 /* Products */;
			projectDirPath = "";
			projectRoot = "";
			targets = (
				343C2EF02088CA1200B83722 /* magicfight */,
			);
		};
/* End PBXProject section */

/* Begin PBXSourcesBuildPhase section */
		343C2EED2088CA1200B83722 /* Sources */ = {
			isa = PBXSourcesBuildPhase;
			buildActionMask = 2147483647;
			files = (
				F41741E8208E64FE005E2592 /* chest.swift in Sources */,
				F41741E4208E64AA005E2592 /* dwarf.swift in Sources */,
				F41741D6208E6313005E2592 /* player.swift in Sources */,
				F41741D8208E63B2005E2592 /* plate.swift in Sources */,
				343C2EF52088CA1200B83722 /* main.swift in Sources */,
				F41741DE208E6450005E2592 /* fighter.swift in Sources */,
				F41741E2208E648D005E2592 /* colossus.swift in Sources */,
				F41741DA208E63ED005E2592 /* game.swift in Sources */,
				F41741DC208E642A005E2592 /* personnage.swift in Sources */,
				F41741E6208E64DA005E2592 /* randomKill.swift in Sources */,
				F41741EA208E6F40005E2592 /* classe.swift in Sources */,
				F41741E0208E6470005E2592 /* magus.swift in Sources */,
			);
			runOnlyForDeploymentPostprocessing = 0;
		};
/* End PBXSourcesBuildPhase section */

/* Begin XCBuildConfiguration section */
		343C2EF62088CA1200B83722 /* Debug */ = {
			isa = XCBuildConfiguration;
			buildSettings = {
				ALWAYS_SEARCH_USER_PATHS = NO;
				CLANG_ANALYZER_NONNULL = YES;
				CLANG_ANALYZER_NUMBER_OBJECT_CONVERSION = YES_AGGRESSIVE;
				CLANG_CXX_LANGUAGE_STANDARD = "gnu++14";
				CLANG_CXX_LIBRARY = "libc++";
				CLANG_ENABLE_MODULES = YES;
				CLANG_ENABLE_OBJC_ARC = YES;
				CLANG_ENABLE_OBJC_WEAK = YES;
				CLANG_WARN_BLOCK_CAPTURE_AUTORELEASING = YES;
				CLANG_WARN_BOOL_CONVERSION = YES;
				CLANG_WARN_COMMA = YES;
				CLANG_WARN_CONSTANT_CONVERSION = YES;
				CLANG_WARN_DEPRECATED_OBJC_IMPLEMENTATIONS = YES;
				CLANG_WARN_DIRECT_OBJC_ISA_USAGE = YES_ERROR;
				CLANG_WARN_DOCUMENTATION_COMMENTS = YES;
				CLANG_WARN_EMPTY_BODY = YES;
				CLANG_WARN_ENUM_CONVERSION = YES;
				CLANG_WARN_INFINITE_RECURSION = YES;
				CLANG_WARN_INT_CONVERSION = YES;
				CLANG_WARN_NON_LITERAL_NULL_CONVERSION = YES;
				CLANG_WARN_OBJC_IMPLICIT_RETAIN_SELF = YES;
				CLANG_WARN_OBJC_LITERAL_CONVERSION = YES;
				CLANG_WARN_OBJC_ROOT_CLASS = YES_ERROR;
				CLANG_WARN_RANGE_LOOP_ANALYSIS = YES;
				CLANG_WARN_STRICT_PROTOTYPES = YES;
				CLANG_WARN_SUSPICIOUS_MOVE = YES;
				CLANG_WARN_UNGUARDED_AVAILABILITY = YES_AGGRESSIVE;
				CLANG_WARN_UNREACHABLE_CODE = YES;
				CLANG_WARN__DUPLICATE_METHOD_MATCH = YES;
				CODE_SIGN_IDENTITY = "-";
				COPY_PHASE_STRIP = NO;
				DEBUG_INFORMATION_FORMAT = dwarf;
				ENABLE_STRICT_OBJC_MSGSEND = YES;
				ENABLE_TESTABILITY = YES;
				GCC_C_LANGUAGE_STANDARD = gnu11;
				GCC_DYNAMIC_NO_PIC = NO;
				GCC_NO_COMMON_BLOCKS = YES;
				GCC_OPTIMIZATION_LEVEL = 0;
				GCC_PREPROCESSOR_DEFINITIONS = (
					"DEBUG=1",
					"$(inherited)",
				);
				GCC_WARN_64_TO_32_BIT_CONVERSION = YES;
				GCC_WARN_ABOUT_RETURN_TYPE = YES_ERROR;
				GCC_WARN_UNDECLARED_SELECTOR = YES;
				GCC_WARN_UNINITIALIZED_AUTOS = YES_AGGRESSIVE;
				GCC_WARN_UNUSED_FUNCTION = YES;
				GCC_WARN_UNUSED_VARIABLE = YES;
				MACOSX_DEPLOYMENT_TARGET = 10.13;
				MTL_ENABLE_DEBUG_INFO = YES;
				ONLY_ACTIVE_ARCH = YES;
				SDKROOT = macosx;
				SWIFT_ACTIVE_COMPILATION_CONDITIONS = DEBUG;
				SWIFT_OPTIMIZATION_LEVEL = "-Onone";
			};
			name = Debug;
		};
		343C2EF72088CA1200B83722 /* Release */ = {
			isa = XCBuildConfiguration;
			buildSettings = {
				ALWAYS_SEARCH_USER_PATHS = NO;
				CLANG_ANALYZER_NONNULL = YES;
				CLANG_ANALYZER_NUMBER_OBJECT_CONVERSION = YES_AGGRESSIVE;
				CLANG_CXX_LANGUAGE_STANDARD = "gnu++14";
				CLANG_CXX_LIBRARY = "libc++";
				CLANG_ENABLE_MODULES = YES;
				CLANG_ENABLE_OBJC_ARC = YES;
				CLANG_ENABLE_OBJC_WEAK = YES;
				CLANG_WARN_BLOCK_CAPTURE_AUTORELEASING = YES;
				CLANG_WARN_BOOL_CONVERSION = YES;
				CLANG_WARN_COMMA = YES;
				CLANG_WARN_CONSTANT_CONVERSION = YES;
				CLANG_WARN_DEPRECATED_OBJC_IMPLEMENTATIONS = YES;
				CLANG_WARN_DIRECT_OBJC_ISA_USAGE = YES_ERROR;
				CLANG_WARN_DOCUMENTATION_COMMENTS = YES;
				CLANG_WARN_EMPTY_BODY = YES;
				CLANG_WARN_ENUM_CONVERSION = YES;
				CLANG_WARN_INFINITE_RECURSION = YES;
				CLANG_WARN_INT_CONVERSION = YES;
				CLANG_WARN_NON_LITERAL_NULL_CONVERSION = YES;
				CLANG_WARN_OBJC_IMPLICIT_RETAIN_SELF = YES;
				CLANG_WARN_OBJC_LITERAL_CONVERSION = YES;
				CLANG_WARN_OBJC_ROOT_CLASS = YES_ERROR;
				CLANG_WARN_RANGE_LOOP_ANALYSIS = YES;
				CLANG_WARN_STRICT_PROTOTYPES = YES;
				CLANG_WARN_SUSPICIOUS_MOVE = YES;
				CLANG_WARN_UNGUARDED_AVAILABILITY = YES_AGGRESSIVE;
				CLANG_WARN_UNREACHABLE_CODE = YES;
				CLANG_WARN__DUPLICATE_METHOD_MATCH = YES;
				CODE_SIGN_IDENTITY = "-";
				COPY_PHASE_STRIP = NO;
				DEBUG_INFORMATION_FORMAT = "dwarf-with-dsym";
				ENABLE_NS_ASSERTIONS = NO;
				ENABLE_STRICT_OBJC_MSGSEND = YES;
				GCC_C_LANGUAGE_STANDARD = gnu11;
				GCC_NO_COMMON_BLOCKS = YES;
				GCC_WARN_64_TO_32_BIT_CONVERSION = YES;
				GCC_WARN_ABOUT_RETURN_TYPE = YES_ERROR;
				GCC_WARN_UNDECLARED_SELECTOR = YES;
				GCC_WARN_UNINITIALIZED_AUTOS = YES_AGGRESSIVE;
				GCC_WARN_UNUSED_FUNCTION = YES;
				GCC_WARN_UNUSED_VARIABLE = YES;
				MACOSX_DEPLOYMENT_TARGET = 10.13;
				MTL_ENABLE_DEBUG_INFO = NO;
				SDKROOT = macosx;
				SWIFT_COMPILATION_MODE = wholemodule;
				SWIFT_OPTIMIZATION_LEVEL = "-O";
			};
			name = Release;
		};
		343C2EF92088CA1200B83722 /* Debug */ = {
			isa = XCBuildConfiguration;
			buildSettings = {
				CODE_SIGN_STYLE = Automatic;
				PRODUCT_NAME = "$(TARGET_NAME)";
				SWIFT_VERSION = 4.0;
			};
			name = Debug;
		};
		343C2EFA2088CA1200B83722 /* Release */ = {
			isa = XCBuildConfiguration;
			buildSettings = {
				CODE_SIGN_STYLE = Automatic;
				PRODUCT_NAME = "$(TARGET_NAME)";
				SWIFT_VERSION = 4.0;
			};
			name = Release;
		};
/* End XCBuildConfiguration section */

/* Begin XCConfigurationList section */
		343C2EEC2088CA1200B83722 /* Build configuration list for PBXProject "magicfight" */ = {
			isa = XCConfigurationList;
			buildConfigurations = (
				343C2EF62088CA1200B83722 /* Debug */,
				343C2EF72088CA1200B83722 /* Release */,
			);
			defaultConfigurationIsVisible = 0;
			defaultConfigurationName = Release;
		};
		343C2EF82088CA1200B83722 /* Build configuration list for PBXNativeTarget "magicfight" */ = {
			isa = XCConfigurationList;
			buildConfigurations = (
				343C2EF92088CA1200B83722 /* Debug */,
				343C2EFA2088CA1200B83722 /* Release */,
			);
			defaultConfigurationIsVisible = 0;
			defaultConfigurationName = Release;
		};
/* End XCConfigurationList section */
	};
	rootObject = 343C2EE92088CA1200B83722 /* Project object */;
}
